
Microsoft Visual Studio Solution File, Format Version 12.00
# Visual Studio Version 16
VisualStudioVersion = 16.0.32002.261
MinimumVisualStudioVersion = 10.0.40219.1
Project("{FAE04EC0-301F-11D3-BF4B-00C04F79EFBC}") = "testInvertedIndexer", "testInvertedIndexer\testInvertedIndexer.csproj", "{8ABC9073-0985-49F6-94F0-99ADEB8CB2C6}"
EndProject
Global
	GlobalSection(SolutionConfigurationPlatforms) = preSolution
		Debug|Any CPU = Debug|Any CPU
		Release|Any CPU = Release|Any CPU
	EndGlobalSection
	GlobalSection(ProjectConfigurationPlatforms) = postSolution
		{8ABC9073-0985-49F6-94F0-99ADEB8CB2C6}.Debug|Any CPU.ActiveCfg = Debug|Any CPU
		{8ABC9073-0985-49F6-94F0-99ADEB8CB2C6}.Debug|Any CPU.Build.0 = Debug|Any CPU
		{8ABC9073-0985-49F6-94F0-99ADEB8CB2C6}.Release|Any CPU.ActiveCfg = Release|Any CPU
		{8ABC9073-0985-49F6-94F0-99ADEB8CB2C6}.Release|Any CPU.Build.0 = Release|Any CPU
	EndGlobalSection
	GlobalSection(SolutionProperties) = preSolution
		HideSolutionNode = FALSE
	EndGlobalSection
	GlobalSection(ExtensibilityGlobals) = postSolution
		SolutionGuid = {F9B8331C-7866-4445-9ACB-7A1AB4B55ADA}
	EndGlobalSection
EndGlobal
